
Microsoft Visual Studio Solution File, Format Version 12.00
# Visual Studio Version 16
VisualStudioVersion = 16.0.31424.327
MinimumVisualStudioVersion = 10.0.40219.1
Project("{9A19103F-16F7-4668-BE54-9A1E7A4F7556}") = "BinaryTree", "BinaryTree\BinaryTree.csproj", "{2B4FA6A3-DCEA-43DF-8EB6-DAA64E00BE67}"
EndProject
Project("{9A19103F-16F7-4668-BE54-9A1E7A4F7556}") = "NQueen", "NQueen\NQueen.csproj", "{FFC1AD64-AF20-4B84-9B52-761D024483AE}"
EndProject
Project("{9A19103F-16F7-4668-BE54-9A1E7A4F7556}") = "ConsistentHash", "ConsistentHash\ConsistentHash.csproj", "{B920C546-5505-451E-8FDE-B907311A06C6}"
EndProject
Project("{9A19103F-16F7-4668-BE54-9A1E7A4F7556}") = "KMP", "KMP\KMP.csproj", "{E994901B-9674-4FB6-9962-DAEB60DA6CB1}"
EndProject
Project("{9A19103F-16F7-4668-BE54-9A1E7A4F7556}") = "Manacher", "Manacher\Manacher.csproj", "{9DF6C199-C662-4709-97CE-D39CE2EA2DED}"
EndProject
Project("{2150E333-8FDC-42A3-9474-1A3956D46DE8}") = "Leetcode", "Leetcode", "{E2F98A27-8E5B-4458-A589-659C9F47B4C6}"
EndProject
Project("{9A19103F-16F7-4668-BE54-9A1E7A4F7556}") = "LeetCode_HOT_100", "LeetCode_HOT_100\LeetCode_HOT_100.csproj", "{346665A6-5BF6-4242-8F7E-08E5B0687596}"
EndProject
Project("{9A19103F-16F7-4668-BE54-9A1E7A4F7556}") = "ViolentRecursion", "ViolentRecursion\ViolentRecursion.csproj", "{B753C9D5-4E86-403F-ADD6-E2F9B05B9565}"
EndProject
Project("{9A19103F-16F7-4668-BE54-9A1E7A4F7556}") = "UnionFind", "UnionFind\UnionFind.csproj", "{E8D4BB07-6BBF-4381-B898-496CEE7D4169}"
EndProject
Project("{9A19103F-16F7-4668-BE54-9A1E7A4F7556}") = "DoubleEndQueue", "DoubleEndQueue\DoubleEndQueue.csproj", "{7CAD1627-3BC4-45C9-AE3F-85957966C216}"
EndProject
Project("{FAE04EC0-301F-11D3-BF4B-00C04F79EFBC}") = "MultiThread", "MultiThread\MultiThread.csproj", "{708BDCDE-4465-4C77-95C6-5A5E5FDAD566}"
EndProject
Project("{FAE04EC0-301F-11D3-BF4B-00C04F79EFBC}") = "GCHandler", "GCHandler\GCHandler.csproj", "{4411FE87-43F0-4130-9601-AC32FE6CA87B}"
EndProject
Global
	GlobalSection(SolutionConfigurationPlatforms) = preSolution
		Debug|Any CPU = Debug|Any CPU
		Release|Any CPU = Release|Any CPU
	EndGlobalSection
	GlobalSection(ProjectConfigurationPlatforms) = postSolution
		{2B4FA6A3-DCEA-43DF-8EB6-DAA64E00BE67}.Debug|Any CPU.ActiveCfg = Debug|Any CPU
		{2B4FA6A3-DCEA-43DF-8EB6-DAA64E00BE67}.Debug|Any CPU.Build.0 = Debug|Any CPU
		{2B4FA6A3-DCEA-43DF-8EB6-DAA64E00BE67}.Release|Any CPU.ActiveCfg = Release|Any CPU
		{2B4FA6A3-DCEA-43DF-8EB6-DAA64E00BE67}.Release|Any CPU.Build.0 = Release|Any CPU
		{FFC1AD64-AF20-4B84-9B52-761D024483AE}.Debug|Any CPU.ActiveCfg = Debug|Any CPU
		{FFC1AD64-AF20-4B84-9B52-761D024483AE}.Debug|Any CPU.Build.0 = Debug|Any CPU
		{FFC1AD64-AF20-4B84-9B52-761D024483AE}.Release|Any CPU.ActiveCfg = Release|Any CPU
		{FFC1AD64-AF20-4B84-9B52-761D024483AE}.Release|Any CPU.Build.0 = Release|Any CPU
		{B920C546-5505-451E-8FDE-B907311A06C6}.Debug|Any CPU.ActiveCfg = Debug|Any CPU
		{B920C546-5505-451E-8FDE-B907311A06C6}.Debug|Any CPU.Build.0 = Debug|Any CPU
		{B920C546-5505-451E-8FDE-B907311A06C6}.Release|Any CPU.ActiveCfg = Release|Any CPU
		{B920C546-5505-451E-8FDE-B907311A06C6}.Release|Any CPU.Build.0 = Release|Any CPU
		{E994901B-9674-4FB6-9962-DAEB60DA6CB1}.Debug|Any CPU.ActiveCfg = Debug|Any CPU
		{E994901B-9674-4FB6-9962-DAEB60DA6CB1}.Debug|Any CPU.Build.0 = Debug|Any CPU
		{E994901B-9674-4FB6-9962-DAEB60DA6CB1}.Release|Any CPU.ActiveCfg = Release|Any CPU
		{E994901B-9674-4FB6-9962-DAEB60DA6CB1}.Release|Any CPU.Build.0 = Release|Any CPU
		{9DF6C199-C662-4709-97CE-D39CE2EA2DED}.Debug|Any CPU.ActiveCfg = Debug|Any CPU
		{9DF6C199-C662-4709-97CE-D39CE2EA2DED}.Debug|Any CPU.Build.0 = Debug|Any CPU
		{9DF6C199-C662-4709-97CE-D39CE2EA2DED}.Release|Any CPU.ActiveCfg = Release|Any CPU
		{9DF6C199-C662-4709-97CE-D39CE2EA2DED}.Release|Any CPU.Build.0 = Release|Any CPU
		{346665A6-5BF6-4242-8F7E-08E5B0687596}.Debug|Any CPU.ActiveCfg = Debug|Any CPU
		{346665A6-5BF6-4242-8F7E-08E5B0687596}.Debug|Any CPU.Build.0 = Debug|Any CPU
		{346665A6-5BF6-4242-8F7E-08E5B0687596}.Release|Any CPU.ActiveCfg = Release|Any CPU
		{346665A6-5BF6-4242-8F7E-08E5B0687596}.Release|Any CPU.Build.0 = Release|Any CPU
		{B753C9D5-4E86-403F-ADD6-E2F9B05B9565}.Debug|Any CPU.ActiveCfg = Debug|Any CPU
		{B753C9D5-4E86-403F-ADD6-E2F9B05B9565}.Debug|Any CPU.Build.0 = Debug|Any CPU
		{B753C9D5-4E86-403F-ADD6-E2F9B05B9565}.Release|Any CPU.ActiveCfg = Release|Any CPU
		{B753C9D5-4E86-403F-ADD6-E2F9B05B9565}.Release|Any CPU.Build.0 = Release|Any CPU
		{E8D4BB07-6BBF-4381-B898-496CEE7D4169}.Debug|Any CPU.ActiveCfg = Debug|Any CPU
		{E8D4BB07-6BBF-4381-B898-496CEE7D4169}.Debug|Any CPU.Build.0 = Debug|Any CPU
		{E8D4BB07-6BBF-4381-B898-496CEE7D4169}.Release|Any CPU.ActiveCfg = Release|Any CPU
		{E8D4BB07-6BBF-4381-B898-496CEE7D4169}.Release|Any CPU.Build.0 = Release|Any CPU
		{7CAD1627-3BC4-45C9-AE3F-85957966C216}.Debug|Any CPU.ActiveCfg = Debug|Any CPU
		{7CAD1627-3BC4-45C9-AE3F-85957966C216}.Debug|Any CPU.Build.0 = Debug|Any CPU
		{7CAD1627-3BC4-45C9-AE3F-85957966C216}.Release|Any CPU.ActiveCfg = Release|Any CPU
		{7CAD1627-3BC4-45C9-AE3F-85957966C216}.Release|Any CPU.Build.0 = Release|Any CPU
		{708BDCDE-4465-4C77-95C6-5A5E5FDAD566}.Debug|Any CPU.ActiveCfg = Debug|Any CPU
		{708BDCDE-4465-4C77-95C6-5A5E5FDAD566}.Debug|Any CPU.Build.0 = Debug|Any CPU
		{708BDCDE-4465-4C77-95C6-5A5E5FDAD566}.Release|Any CPU.ActiveCfg = Release|Any CPU
		{708BDCDE-4465-4C77-95C6-5A5E5FDAD566}.Release|Any CPU.Build.0 = Release|Any CPU
		{4411FE87-43F0-4130-9601-AC32FE6CA87B}.Debug|Any CPU.ActiveCfg = Debug|Any CPU
		{4411FE87-43F0-4130-9601-AC32FE6CA87B}.Debug|Any CPU.Build.0 = Debug|Any CPU
		{4411FE87-43F0-4130-9601-AC32FE6CA87B}.Release|Any CPU.ActiveCfg = Release|Any CPU
		{4411FE87-43F0-4130-9601-AC32FE6CA87B}.Release|Any CPU.Build.0 = Release|Any CPU
	EndGlobalSection
	GlobalSection(SolutionProperties) = preSolution
		HideSolutionNode = FALSE
	EndGlobalSection
	GlobalSection(NestedProjects) = preSolution
		{346665A6-5BF6-4242-8F7E-08E5B0687596} = {E2F98A27-8E5B-4458-A589-659C9F47B4C6}
	EndGlobalSection
	GlobalSection(ExtensibilityGlobals) = postSolution
		SolutionGuid = {1FBD568F-AE53-43CE-80EC-F91BDE6CC5BB}
	EndGlobalSection
EndGlobal
